// !$*UTF8*$!
{
	archiveVersion = 1;
	classes = {
	};
	objectVersion = 56;
	objects = {

/* Begin PBXBuildFile section */
		6E0255AC2B13D3500087B599 /* SearchBarView.swift in Sources */ = {isa = PBXBuildFile; fileRef = 6E0255AB2B13D34F0087B599 /* SearchBarView.swift */; };
		6E133EE92AFE6A600066A2C8 /* CoinSightApp.swift in Sources */ = {isa = PBXBuildFile; fileRef = 6E133EE82AFE6A600066A2C8 /* CoinSightApp.swift */; };
		6E133EEB2AFE6A600066A2C8 /* ContentView.swift in Sources */ = {isa = PBXBuildFile; fileRef = 6E133EEA2AFE6A600066A2C8 /* ContentView.swift */; };
		6E133EF02AFE6A630066A2C8 /* Preview Assets.xcassets in Resources */ = {isa = PBXBuildFile; fileRef = 6E133EEF2AFE6A630066A2C8 /* Preview Assets.xcassets */; };
		6E133EF72AFE6EC10066A2C8 /* Assets.xcassets in Resources */ = {isa = PBXBuildFile; fileRef = 6E133EF62AFE6EC00066A2C8 /* Assets.xcassets */; };
		6E133EFA2AFE6F2C0066A2C8 /* Color.swift in Sources */ = {isa = PBXBuildFile; fileRef = 6E133EF92AFE6F2C0066A2C8 /* Color.swift */; };
		6E133F002AFE7D8B0066A2C8 /* HomeView.swift in Sources */ = {isa = PBXBuildFile; fileRef = 6E133EFF2AFE7D8B0066A2C8 /* HomeView.swift */; };
		6E133F042AFE82070066A2C8 /* CircleButtonView.swift in Sources */ = {isa = PBXBuildFile; fileRef = 6E133F032AFE82070066A2C8 /* CircleButtonView.swift */; };
		6E133F072AFEAEC90066A2C8 /* CoinModel.swift in Sources */ = {isa = PBXBuildFile; fileRef = 6E133F062AFEAEC90066A2C8 /* CoinModel.swift */; };
		6E2342D82B07F13900A1AF5E /* NetworkingManager.swift in Sources */ = {isa = PBXBuildFile; fileRef = 6E2342D72B07F13900A1AF5E /* NetworkingManager.swift */; };
		6E365A272B08B67300F40B08 /* CoinImageView.swift in Sources */ = {isa = PBXBuildFile; fileRef = 6E365A262B08B67300F40B08 /* CoinImageView.swift */; };
		6E365A292B08C15400F40B08 /* CoinImageService.swift in Sources */ = {isa = PBXBuildFile; fileRef = 6E365A282B08C15400F40B08 /* CoinImageService.swift */; };
		6E365A2B2B08D8DC00F40B08 /* CoinImageViewModel.swift in Sources */ = {isa = PBXBuildFile; fileRef = 6E365A2A2B08D8DC00F40B08 /* CoinImageViewModel.swift */; };
		6E4E3AA02B127247008A7621 /* LocalFileManager.swift in Sources */ = {isa = PBXBuildFile; fileRef = 6E4E3A9F2B127247008A7621 /* LocalFileManager.swift */; };
		6EACB51A2B20D98F007BE6C3 /* MarketDataModel.swift in Sources */ = {isa = PBXBuildFile; fileRef = 6EACB5192B20D98F007BE6C3 /* MarketDataModel.swift */; };
		6EACB51C2B20FFCA007BE6C3 /* MarketDataService.swift in Sources */ = {isa = PBXBuildFile; fileRef = 6EACB51B2B20FFCA007BE6C3 /* MarketDataService.swift */; };
		6EACB51E2B237B6C007BE6C3 /* PortfolioView.swift in Sources */ = {isa = PBXBuildFile; fileRef = 6EACB51D2B237B6C007BE6C3 /* PortfolioView.swift */; };
		6EACB5202B238992007BE6C3 /* XmarkButton(?).swift in Sources */ = {isa = PBXBuildFile; fileRef = 6EACB51F2B238992007BE6C3 /* XmarkButton(?).swift */; };
		6EACB5222B23A232007BE6C3 /* CoinLogoView.swift in Sources */ = {isa = PBXBuildFile; fileRef = 6EACB5212B23A232007BE6C3 /* CoinLogoView.swift */; };
		6EACB5252B27041E007BE6C3 /* PortfolioContainer.xcdatamodeld in Sources */ = {isa = PBXBuildFile; fileRef = 6EACB5232B27041E007BE6C3 /* PortfolioContainer.xcdatamodeld */; };
		6EACB5272B27051B007BE6C3 /* PortfolioDataService.swift in Sources */ = {isa = PBXBuildFile; fileRef = 6EACB5262B27051B007BE6C3 /* PortfolioDataService.swift */; };
		6EB6BE512AFFF62A00D29422 /* CoinRowView.swift in Sources */ = {isa = PBXBuildFile; fileRef = 6EB6BE502AFFF62A00D29422 /* CoinRowView.swift */; };
		6EB6BE532AFFF69900D29422 /* PreviewProvider.swift in Sources */ = {isa = PBXBuildFile; fileRef = 6EB6BE522AFFF69900D29422 /* PreviewProvider.swift */; };
		6EB6BE552B00001400D29422 /* Double.swift in Sources */ = {isa = PBXBuildFile; fileRef = 6EB6BE542B00001400D29422 /* Double.swift */; };
		6EB6BE572B029EBA00D29422 /* HomeViewModel.swift in Sources */ = {isa = PBXBuildFile; fileRef = 6EB6BE562B029EBA00D29422 /* HomeViewModel.swift */; };
		6EB6BE5A2B02B35A00D29422 /* CoinDataService.swift in Sources */ = {isa = PBXBuildFile; fileRef = 6EB6BE592B02B35A00D29422 /* CoinDataService.swift */; };
		6ED85FAE2B15109200D5C1B5 /* UIApplication.swift in Sources */ = {isa = PBXBuildFile; fileRef = 6ED85FAD2B15109200D5C1B5 /* UIApplication.swift */; };
		6EE6B4272B1617DA006D3AE6 /* StatisticModel.swift in Sources */ = {isa = PBXBuildFile; fileRef = 6EE6B4262B1617DA006D3AE6 /* StatisticModel.swift */; };
		6EE6B42B2B162CA8006D3AE6 /* StatsView.swift in Sources */ = {isa = PBXBuildFile; fileRef = 6EE6B42A2B162CA8006D3AE6 /* StatsView.swift */; };
		6EE6B42D2B16455B006D3AE6 /* HomeStatsView.swift in Sources */ = {isa = PBXBuildFile; fileRef = 6EE6B42C2B16455B006D3AE6 /* HomeStatsView.swift */; };
/* End PBXBuildFile section */

/* Begin PBXFileReference section */
		6E0255AB2B13D34F0087B599 /* SearchBarView.swift */ = {isa = PBXFileReference; lastKnownFileType = sourcecode.swift; path = SearchBarView.swift; sourceTree = "<group>"; };
		6E133EE52AFE6A600066A2C8 /* CoinSight.app */ = {isa = PBXFileReference; explicitFileType = wrapper.application; includeInIndex = 0; path = CoinSight.app; sourceTree = BUILT_PRODUCTS_DIR; };
		6E133EE82AFE6A600066A2C8 /* CoinSightApp.swift */ = {isa = PBXFileReference; lastKnownFileType = sourcecode.swift; path = CoinSightApp.swift; sourceTree = "<group>"; };
		6E133EEA2AFE6A600066A2C8 /* ContentView.swift */ = {isa = PBXFileReference; lastKnownFileType = sourcecode.swift; path = ContentView.swift; sourceTree = "<group>"; };
		6E133EEF2AFE6A630066A2C8 /* Preview Assets.xcassets */ = {isa = PBXFileReference; lastKnownFileType = folder.assetcatalog; path = "Preview Assets.xcassets"; sourceTree = "<group>"; };
		6E133EF62AFE6EC00066A2C8 /* Assets.xcassets */ = {isa = PBXFileReference; lastKnownFileType = folder.assetcatalog; name = Assets.xcassets; path = ../../../Resources/Assets.xcassets; sourceTree = "<group>"; };
		6E133EF92AFE6F2C0066A2C8 /* Color.swift */ = {isa = PBXFileReference; lastKnownFileType = sourcecode.swift; path = Color.swift; sourceTree = "<group>"; };
		6E133EFF2AFE7D8B0066A2C8 /* HomeView.swift */ = {isa = PBXFileReference; lastKnownFileType = sourcecode.swift; path = HomeView.swift; sourceTree = "<group>"; };
		6E133F032AFE82070066A2C8 /* CircleButtonView.swift */ = {isa = PBXFileReference; lastKnownFileType = sourcecode.swift; path = CircleButtonView.swift; sourceTree = "<group>"; };
		6E133F062AFEAEC90066A2C8 /* CoinModel.swift */ = {isa = PBXFileReference; lastKnownFileType = sourcecode.swift; path = CoinModel.swift; sourceTree = "<group>"; };
		6E2342D72B07F13900A1AF5E /* NetworkingManager.swift */ = {isa = PBXFileReference; lastKnownFileType = sourcecode.swift; path = NetworkingManager.swift; sourceTree = "<group>"; };
		6E365A262B08B67300F40B08 /* CoinImageView.swift */ = {isa = PBXFileReference; lastKnownFileType = sourcecode.swift; path = CoinImageView.swift; sourceTree = "<group>"; };
		6E365A282B08C15400F40B08 /* CoinImageService.swift */ = {isa = PBXFileReference; lastKnownFileType = sourcecode.swift; path = CoinImageService.swift; sourceTree = "<group>"; };
		6E365A2A2B08D8DC00F40B08 /* CoinImageViewModel.swift */ = {isa = PBXFileReference; lastKnownFileType = sourcecode.swift; path = CoinImageViewModel.swift; sourceTree = "<group>"; };
		6E4E3A9F2B127247008A7621 /* LocalFileManager.swift */ = {isa = PBXFileReference; lastKnownFileType = sourcecode.swift; path = LocalFileManager.swift; sourceTree = "<group>"; };
		6EACB5192B20D98F007BE6C3 /* MarketDataModel.swift */ = {isa = PBXFileReference; lastKnownFileType = sourcecode.swift; path = MarketDataModel.swift; sourceTree = "<group>"; };
		6EACB51B2B20FFCA007BE6C3 /* MarketDataService.swift */ = {isa = PBXFileReference; lastKnownFileType = sourcecode.swift; path = MarketDataService.swift; sourceTree = "<group>"; };
		6EACB51D2B237B6C007BE6C3 /* PortfolioView.swift */ = {isa = PBXFileReference; lastKnownFileType = sourcecode.swift; path = PortfolioView.swift; sourceTree = "<group>"; };
		6EACB51F2B238992007BE6C3 /* XmarkButton(?).swift */ = {isa = PBXFileReference; lastKnownFileType = sourcecode.swift; path = "XmarkButton(?).swift"; sourceTree = "<group>"; };
		6EACB5212B23A232007BE6C3 /* CoinLogoView.swift */ = {isa = PBXFileReference; lastKnownFileType = sourcecode.swift; path = CoinLogoView.swift; sourceTree = "<group>"; };
		6EACB5242B27041E007BE6C3 /* PortfolioContainer.xcdatamodel */ = {isa = PBXFileReference; lastKnownFileType = wrapper.xcdatamodel; path = PortfolioContainer.xcdatamodel; sourceTree = "<group>"; };
		6EACB5262B27051B007BE6C3 /* PortfolioDataService.swift */ = {isa = PBXFileReference; lastKnownFileType = sourcecode.swift; path = PortfolioDataService.swift; sourceTree = "<group>"; };
		6EB6BE502AFFF62A00D29422 /* CoinRowView.swift */ = {isa = PBXFileReference; lastKnownFileType = sourcecode.swift; path = CoinRowView.swift; sourceTree = "<group>"; };
		6EB6BE522AFFF69900D29422 /* PreviewProvider.swift */ = {isa = PBXFileReference; lastKnownFileType = sourcecode.swift; path = PreviewProvider.swift; sourceTree = "<group>"; };
		6EB6BE542B00001400D29422 /* Double.swift */ = {isa = PBXFileReference; lastKnownFileType = sourcecode.swift; path = Double.swift; sourceTree = "<group>"; };
		6EB6BE562B029EBA00D29422 /* HomeViewModel.swift */ = {isa = PBXFileReference; lastKnownFileType = sourcecode.swift; path = HomeViewModel.swift; sourceTree = "<group>"; };
		6EB6BE592B02B35A00D29422 /* CoinDataService.swift */ = {isa = PBXFileReference; lastKnownFileType = sourcecode.swift; path = CoinDataService.swift; sourceTree = "<group>"; };
		6ED85FAD2B15109200D5C1B5 /* UIApplication.swift */ = {isa = PBXFileReference; lastKnownFileType = sourcecode.swift; path = UIApplication.swift; sourceTree = "<group>"; };
		6EE6B4262B1617DA006D3AE6 /* StatisticModel.swift */ = {isa = PBXFileReference; lastKnownFileType = sourcecode.swift; path = StatisticModel.swift; sourceTree = "<group>"; };
		6EE6B42A2B162CA8006D3AE6 /* StatsView.swift */ = {isa = PBXFileReference; lastKnownFileType = sourcecode.swift; path = StatsView.swift; sourceTree = "<group>"; };
		6EE6B42C2B16455B006D3AE6 /* HomeStatsView.swift */ = {isa = PBXFileReference; lastKnownFileType = sourcecode.swift; path = HomeStatsView.swift; sourceTree = "<group>"; };
/* End PBXFileReference section */

/* Begin PBXFrameworksBuildPhase section */
		6E133EE22AFE6A600066A2C8 /* Frameworks */ = {
			isa = PBXFrameworksBuildPhase;
			buildActionMask = 2147483647;
			files = (
			);
			runOnlyForDeploymentPostprocessing = 0;
		};
/* End PBXFrameworksBuildPhase section */

/* Begin PBXGroup section */
		6E133EDC2AFE6A600066A2C8 = {
			isa = PBXGroup;
			children = (
				6E133EE72AFE6A600066A2C8 /* CoinSight */,
				6E133EE62AFE6A600066A2C8 /* Products */,
			);
			sourceTree = "<group>";
		};
		6E133EE62AFE6A600066A2C8 /* Products */ = {
			isa = PBXGroup;
			children = (
				6E133EE52AFE6A600066A2C8 /* CoinSight.app */,
			);
			name = Products;
			sourceTree = "<group>";
		};
		6E133EE72AFE6A600066A2C8 /* CoinSight */ = {
			isa = PBXGroup;
			children = (
				6E133EE82AFE6A600066A2C8 /* CoinSightApp.swift */,
				6E2342D62B07F11800A1AF5E /* Utilities */,
				6E133EF82AFE6EF30066A2C8 /* extensions */,
				6EB6BE582B02B31100D29422 /* Services */,
				6E133F052AFEAE7C0066A2C8 /* Models */,
				6E133EFB2AFE7BB10066A2C8 /* Core */,
				6E133EEA2AFE6A600066A2C8 /* ContentView.swift */,
				6E133EF62AFE6EC00066A2C8 /* Assets.xcassets */,
				6E133EEE2AFE6A630066A2C8 /* Preview Content */,
			);
			path = CoinSight;
			sourceTree = "<group>";
		};
		6E133EEE2AFE6A630066A2C8 /* Preview Content */ = {
			isa = PBXGroup;
			children = (
				6E133EEF2AFE6A630066A2C8 /* Preview Assets.xcassets */,
			);
			path = "Preview Content";
			sourceTree = "<group>";
		};
		6E133EF82AFE6EF30066A2C8 /* extensions */ = {
			isa = PBXGroup;
			children = (
				6E133EF92AFE6F2C0066A2C8 /* Color.swift */,
				6EB6BE522AFFF69900D29422 /* PreviewProvider.swift */,
				6EB6BE542B00001400D29422 /* Double.swift */,
				6ED85FAD2B15109200D5C1B5 /* UIApplication.swift */,
			);
			path = extensions;
			sourceTree = "<group>";
		};
		6E133EFB2AFE7BB10066A2C8 /* Core */ = {
			isa = PBXGroup;
			children = (
				6E133F012AFE81BA0066A2C8 /* Components */,
				6E133EFC2AFE7BC00066A2C8 /* Home */,
			);
			path = Core;
			sourceTree = "<group>";
		};
		6E133EFC2AFE7BC00066A2C8 /* Home */ = {
			isa = PBXGroup;
			children = (
				6E133EFE2AFE7BEB0066A2C8 /* ViewModels */,
				6E133EFD2AFE7BD60066A2C8 /* Views */,
			);
			path = Home;
			sourceTree = "<group>";
		};
		6E133EFD2AFE7BD60066A2C8 /* Views */ = {
			isa = PBXGroup;
			children = (
				6E133EFF2AFE7D8B0066A2C8 /* HomeView.swift */,
				6EE6B42C2B16455B006D3AE6 /* HomeStatsView.swift */,
				6EB6BE502AFFF62A00D29422 /* CoinRowView.swift */,
				6EACB51D2B237B6C007BE6C3 /* PortfolioView.swift */,
			);
			path = Views;
			sourceTree = "<group>";
		};
		6E133EFE2AFE7BEB0066A2C8 /* ViewModels */ = {
			isa = PBXGroup;
			children = (
				6EB6BE562B029EBA00D29422 /* HomeViewModel.swift */,
			);
			path = ViewModels;
			sourceTree = "<group>";
		};
		6E133F012AFE81BA0066A2C8 /* Components */ = {
			isa = PBXGroup;
			children = (
				6E365A252B08B63600F40B08 /* CoinImage */,
				6E133F022AFE81CE0066A2C8 /* CirclebButton */,
				6E0255AB2B13D34F0087B599 /* SearchBarView.swift */,
				6EE6B42A2B162CA8006D3AE6 /* StatsView.swift */,
				6EACB51F2B238992007BE6C3 /* XmarkButton(?).swift */,
			);
			path = Components;
			sourceTree = "<group>";
		};
		6E133F022AFE81CE0066A2C8 /* CirclebButton */ = {
			isa = PBXGroup;
			children = (
				6E133F032AFE82070066A2C8 /* CircleButtonView.swift */,
			);
			path = CirclebButton;
			sourceTree = "<group>";
		};
		6E133F052AFEAE7C0066A2C8 /* Models */ = {
			isa = PBXGroup;
			children = (
				6E133F062AFEAEC90066A2C8 /* CoinModel.swift */,
				6EE6B4262B1617DA006D3AE6 /* StatisticModel.swift */,
				6EACB5192B20D98F007BE6C3 /* MarketDataModel.swift */,
				6EACB5232B27041E007BE6C3 /* PortfolioContainer.xcdatamodeld */,
			);
			path = Models;
			sourceTree = "<group>";
		};
		6E2342D62B07F11800A1AF5E /* Utilities */ = {
			isa = PBXGroup;
			children = (
				6E2342D72B07F13900A1AF5E /* NetworkingManager.swift */,
				6E4E3A9F2B127247008A7621 /* LocalFileManager.swift */,
			);
			path = Utilities;
			sourceTree = "<group>";
		};
		6E365A252B08B63600F40B08 /* CoinImage */ = {
			isa = PBXGroup;
			children = (
				6E365A262B08B67300F40B08 /* CoinImageView.swift */,
				6E365A2A2B08D8DC00F40B08 /* CoinImageViewModel.swift */,
				6EACB5212B23A232007BE6C3 /* CoinLogoView.swift */,
			);
			path = CoinImage;
			sourceTree = "<group>";
		};
		6EB6BE582B02B31100D29422 /* Services */ = {
			isa = PBXGroup;
			children = (
				6EB6BE592B02B35A00D29422 /* CoinDataService.swift */,
				6E365A282B08C15400F40B08 /* CoinImageService.swift */,
				6EACB51B2B20FFCA007BE6C3 /* MarketDataService.swift */,
				6EACB5262B27051B007BE6C3 /* PortfolioDataService.swift */,
			);
			path = Services;
			sourceTree = "<group>";
		};
/* End PBXGroup section */

/* Begin PBXNativeTarget section */
		6E133EE42AFE6A600066A2C8 /* CoinSight */ = {
			isa = PBXNativeTarget;
			buildConfigurationList = 6E133EF32AFE6A630066A2C8 /* Build configuration list for PBXNativeTarget "CoinSight" */;
			buildPhases = (
				6E133EE12AFE6A600066A2C8 /* Sources */,
				6E133EE22AFE6A600066A2C8 /* Frameworks */,
				6E133EE32AFE6A600066A2C8 /* Resources */,
			);
			buildRules = (
			);
			dependencies = (
			);
			name = CoinSight;
			productName = CoinSight;
			productReference = 6E133EE52AFE6A600066A2C8 /* CoinSight.app */;
			productType = "com.apple.product-type.application";
		};
/* End PBXNativeTarget section */

/* Begin PBXProject section */
		6E133EDD2AFE6A600066A2C8 /* Project object */ = {
			isa = PBXProject;
			attributes = {
				BuildIndependentTargetsInParallel = 1;
				LastSwiftUpdateCheck = 1410;
				LastUpgradeCheck = 1410;
				TargetAttributes = {
					6E133EE42AFE6A600066A2C8 = {
						CreatedOnToolsVersion = 14.1;
					};
				};
			};
			buildConfigurationList = 6E133EE02AFE6A600066A2C8 /* Build configuration list for PBXProject "CoinSight" */;
			compatibilityVersion = "Xcode 14.0";
			developmentRegion = en;
			hasScannedForEncodings = 0;
			knownRegions = (
				en,
				Base,
			);
			mainGroup = 6E133EDC2AFE6A600066A2C8;
			productRefGroup = 6E133EE62AFE6A600066A2C8 /* Products */;
			projectDirPath = "";
			projectRoot = "";
			targets = (
				6E133EE42AFE6A600066A2C8 /* CoinSight */,
			);
		};
/* End PBXProject section */

/* Begin PBXResourcesBuildPhase section */
		6E133EE32AFE6A600066A2C8 /* Resources */ = {
			isa = PBXResourcesBuildPhase;
			buildActionMask = 2147483647;
			files = (
				6E133EF02AFE6A630066A2C8 /* Preview Assets.xcassets in Resources */,
				6E133EF72AFE6EC10066A2C8 /* Assets.xcassets in Resources */,
			);
			runOnlyForDeploymentPostprocessing = 0;
		};
/* End PBXResourcesBuildPhase section */

/* Begin PBXSourcesBuildPhase section */
		6E133EE12AFE6A600066A2C8 /* Sources */ = {
			isa = PBXSourcesBuildPhase;
			buildActionMask = 2147483647;
			files = (
				6EE6B4272B1617DA006D3AE6 /* StatisticModel.swift in Sources */,
				6EACB51C2B20FFCA007BE6C3 /* MarketDataService.swift in Sources */,
				6EACB5222B23A232007BE6C3 /* CoinLogoView.swift in Sources */,
				6ED85FAE2B15109200D5C1B5 /* UIApplication.swift in Sources */,
				6E365A2B2B08D8DC00F40B08 /* CoinImageViewModel.swift in Sources */,
				6EACB5252B27041E007BE6C3 /* PortfolioContainer.xcdatamodeld in Sources */,
				6E365A272B08B67300F40B08 /* CoinImageView.swift in Sources */,
				6E133EEB2AFE6A600066A2C8 /* ContentView.swift in Sources */,
				6E133F002AFE7D8B0066A2C8 /* HomeView.swift in Sources */,
				6EACB51E2B237B6C007BE6C3 /* PortfolioView.swift in Sources */,
				6E133EE92AFE6A600066A2C8 /* CoinSightApp.swift in Sources */,
				6EB6BE572B029EBA00D29422 /* HomeViewModel.swift in Sources */,
				6EACB5202B238992007BE6C3 /* XmarkButton(?).swift in Sources */,
				6E133F042AFE82070066A2C8 /* CircleButtonView.swift in Sources */,
				6E4E3AA02B127247008A7621 /* LocalFileManager.swift in Sources */,
				6E133F072AFEAEC90066A2C8 /* CoinModel.swift in Sources */,
				6EE6B42D2B16455B006D3AE6 /* HomeStatsView.swift in Sources */,
				6EB6BE532AFFF69900D29422 /* PreviewProvider.swift in Sources */,
				6EACB5272B27051B007BE6C3 /* PortfolioDataService.swift in Sources */,
				6EACB51A2B20D98F007BE6C3 /* MarketDataModel.swift in Sources */,
				6EB6BE512AFFF62A00D29422 /* CoinRowView.swift in Sources */,
				6EB6BE552B00001400D29422 /* Double.swift in Sources */,
				6E2342D82B07F13900A1AF5E /* NetworkingManager.swift in Sources */,
				6E133EFA2AFE6F2C0066A2C8 /* Color.swift in Sources */,
				6EE6B42B2B162CA8006D3AE6 /* StatsView.swift in Sources */,
				6E365A292B08C15400F40B08 /* CoinImageService.swift in Sources */,
				6E0255AC2B13D3500087B599 /* SearchBarView.swift in Sources */,
				6EB6BE5A2B02B35A00D29422 /* CoinDataService.swift in Sources */,
			);
			runOnlyForDeploymentPostprocessing = 0;
		};
/* End PBXSourcesBuildPhase section */

/* Begin XCBuildConfiguration section */
		6E133EF12AFE6A630066A2C8 /* Debug */ = {
			isa = XCBuildConfiguration;
			buildSettings = {
				ALWAYS_SEARCH_USER_PATHS = NO;
				CLANG_ANALYZER_NONNULL = YES;
				CLANG_ANALYZER_NUMBER_OBJECT_CONVERSION = YES_AGGRESSIVE;
				CLANG_CXX_LANGUAGE_STANDARD = "gnu++20";
				CLANG_ENABLE_MODULES = YES;
				CLANG_ENABLE_OBJC_ARC = YES;
				CLANG_ENABLE_OBJC_WEAK = YES;
				CLANG_WARN_BLOCK_CAPTURE_AUTORELEASING = YES;
				CLANG_WARN_BOOL_CONVERSION = YES;
				CLANG_WARN_COMMA = YES;
				CLANG_WARN_CONSTANT_CONVERSION = YES;
				CLANG_WARN_DEPRECATED_OBJC_IMPLEMENTATIONS = YES;
				CLANG_WARN_DIRECT_OBJC_ISA_USAGE = YES_ERROR;
				CLANG_WARN_DOCUMENTATION_COMMENTS = YES;
				CLANG_WARN_EMPTY_BODY = YES;
				CLANG_WARN_ENUM_CONVERSION = YES;
				CLANG_WARN_INFINITE_RECURSION = YES;
				CLANG_WARN_INT_CONVERSION = YES;
				CLANG_WARN_NON_LITERAL_NULL_CONVERSION = YES;
				CLANG_WARN_OBJC_IMPLICIT_RETAIN_SELF = YES;
				CLANG_WARN_OBJC_LITERAL_CONVERSION = YES;
				CLANG_WARN_OBJC_ROOT_CLASS = YES_ERROR;
				CLANG_WARN_QUOTED_INCLUDE_IN_FRAMEWORK_HEADER = YES;
				CLANG_WARN_RANGE_LOOP_ANALYSIS = YES;
				CLANG_WARN_STRICT_PROTOTYPES = YES;
				CLANG_WARN_SUSPICIOUS_MOVE = YES;
				CLANG_WARN_UNGUARDED_AVAILABILITY = YES_AGGRESSIVE;
				CLANG_WARN_UNREACHABLE_CODE = YES;
				CLANG_WARN__DUPLICATE_METHOD_MATCH = YES;
				COPY_PHASE_STRIP = NO;
				DEBUG_INFORMATION_FORMAT = dwarf;
				ENABLE_STRICT_OBJC_MSGSEND = YES;
				ENABLE_TESTABILITY = YES;
				GCC_C_LANGUAGE_STANDARD = gnu11;
				GCC_DYNAMIC_NO_PIC = NO;
				GCC_NO_COMMON_BLOCKS = YES;
				GCC_OPTIMIZATION_LEVEL = 0;
				GCC_PREPROCESSOR_DEFINITIONS = (
					"DEBUG=1",
					"$(inherited)",
				);
				GCC_WARN_64_TO_32_BIT_CONVERSION = YES;
				GCC_WARN_ABOUT_RETURN_TYPE = YES_ERROR;
				GCC_WARN_UNDECLARED_SELECTOR = YES;
				GCC_WARN_UNINITIALIZED_AUTOS = YES_AGGRESSIVE;
				GCC_WARN_UNUSED_FUNCTION = YES;
				GCC_WARN_UNUSED_VARIABLE = YES;
				IPHONEOS_DEPLOYMENT_TARGET = 16.1;
				MTL_ENABLE_DEBUG_INFO = INCLUDE_SOURCE;
				MTL_FAST_MATH = YES;
				ONLY_ACTIVE_ARCH = YES;
				SDKROOT = iphoneos;
				SWIFT_ACTIVE_COMPILATION_CONDITIONS = DEBUG;
				SWIFT_OPTIMIZATION_LEVEL = "-Onone";
			};
			name = Debug;
		};
		6E133EF22AFE6A630066A2C8 /* Release */ = {
			isa = XCBuildConfiguration;
			buildSettings = {
				ALWAYS_SEARCH_USER_PATHS = NO;
				CLANG_ANALYZER_NONNULL = YES;
				CLANG_ANALYZER_NUMBER_OBJECT_CONVERSION = YES_AGGRESSIVE;
				CLANG_CXX_LANGUAGE_STANDARD = "gnu++20";
				CLANG_ENABLE_MODULES = YES;
				CLANG_ENABLE_OBJC_ARC = YES;
				CLANG_ENABLE_OBJC_WEAK = YES;
				CLANG_WARN_BLOCK_CAPTURE_AUTORELEASING = YES;
				CLANG_WARN_BOOL_CONVERSION = YES;
				CLANG_WARN_COMMA = YES;
				CLANG_WARN_CONSTANT_CONVERSION = YES;
				CLANG_WARN_DEPRECATED_OBJC_IMPLEMENTATIONS = YES;
				CLANG_WARN_DIRECT_OBJC_ISA_USAGE = YES_ERROR;
				CLANG_WARN_DOCUMENTATION_COMMENTS = YES;
				CLANG_WARN_EMPTY_BODY = YES;
				CLANG_WARN_ENUM_CONVERSION = YES;
				CLANG_WARN_INFINITE_RECURSION = YES;
				CLANG_WARN_INT_CONVERSION = YES;
				CLANG_WARN_NON_LITERAL_NULL_CONVERSION = YES;
				CLANG_WARN_OBJC_IMPLICIT_RETAIN_SELF = YES;
				CLANG_WARN_OBJC_LITERAL_CONVERSION = YES;
				CLANG_WARN_OBJC_ROOT_CLASS = YES_ERROR;
				CLANG_WARN_QUOTED_INCLUDE_IN_FRAMEWORK_HEADER = YES;
				CLANG_WARN_RANGE_LOOP_ANALYSIS = YES;
				CLANG_WARN_STRICT_PROTOTYPES = YES;
				CLANG_WARN_SUSPICIOUS_MOVE = YES;
				CLANG_WARN_UNGUARDED_AVAILABILITY = YES_AGGRESSIVE;
				CLANG_WARN_UNREACHABLE_CODE = YES;
				CLANG_WARN__DUPLICATE_METHOD_MATCH = YES;
				COPY_PHASE_STRIP = NO;
				DEBUG_INFORMATION_FORMAT = "dwarf-with-dsym";
				ENABLE_NS_ASSERTIONS = NO;
				ENABLE_STRICT_OBJC_MSGSEND = YES;
				GCC_C_LANGUAGE_STANDARD = gnu11;
				GCC_NO_COMMON_BLOCKS = YES;
				GCC_WARN_64_TO_32_BIT_CONVERSION = YES;
				GCC_WARN_ABOUT_RETURN_TYPE = YES_ERROR;
				GCC_WARN_UNDECLARED_SELECTOR = YES;
				GCC_WARN_UNINITIALIZED_AUTOS = YES_AGGRESSIVE;
				GCC_WARN_UNUSED_FUNCTION = YES;
				GCC_WARN_UNUSED_VARIABLE = YES;
				IPHONEOS_DEPLOYMENT_TARGET = 16.1;
				MTL_ENABLE_DEBUG_INFO = NO;
				MTL_FAST_MATH = YES;
				SDKROOT = iphoneos;
				SWIFT_COMPILATION_MODE = wholemodule;
				SWIFT_OPTIMIZATION_LEVEL = "-O";
				VALIDATE_PRODUCT = YES;
			};
			name = Release;
		};
		6E133EF42AFE6A630066A2C8 /* Debug */ = {
			isa = XCBuildConfiguration;
			buildSettings = {
				ASSETCATALOG_COMPILER_APPICON_NAME = AppIcon;
				ASSETCATALOG_COMPILER_GLOBAL_ACCENT_COLOR_NAME = AccentColor;
				CODE_SIGN_STYLE = Automatic;
				CURRENT_PROJECT_VERSION = 1;
				DEVELOPMENT_ASSET_PATHS = "\"CoinSight/Preview Content\"";
				ENABLE_PREVIEWS = YES;
				GENERATE_INFOPLIST_FILE = YES;
				INFOPLIST_KEY_UIApplicationSceneManifest_Generation = YES;
				INFOPLIST_KEY_UIApplicationSupportsIndirectInputEvents = YES;
				INFOPLIST_KEY_UILaunchScreen_Generation = YES;
				INFOPLIST_KEY_UISupportedInterfaceOrientations = UIInterfaceOrientationPortrait;
				INFOPLIST_KEY_UISupportedInterfaceOrientations_iPad = "UIInterfaceOrientationLandscapeLeft UIInterfaceOrientationLandscapeRight UIInterfaceOrientationPortrait UIInterfaceOrientationPortraitUpsideDown";
				LD_RUNPATH_SEARCH_PATHS = (
					"$(inherited)",
					"@executable_path/Frameworks",
				);
				MARKETING_VERSION = 1.0;
				PRODUCT_BUNDLE_IDENTIFIER = com.sinavn.CoinSight;
				PRODUCT_NAME = "$(TARGET_NAME)";
				SWIFT_EMIT_LOC_STRINGS = YES;
				SWIFT_VERSION = 5.0;
				TARGETED_DEVICE_FAMILY = "1,2";
			};
			name = Debug;
		};
		6E133EF52AFE6A630066A2C8 /* Release */ = {
			isa = XCBuildConfiguration;
			buildSettings = {
				ASSETCATALOG_COMPILER_APPICON_NAME = AppIcon;
				ASSETCATALOG_COMPILER_GLOBAL_ACCENT_COLOR_NAME = AccentColor;
				CODE_SIGN_STYLE = Automatic;
				CURRENT_PROJECT_VERSION = 1;
				DEVELOPMENT_ASSET_PATHS = "\"CoinSight/Preview Content\"";
				ENABLE_PREVIEWS = YES;
				GENERATE_INFOPLIST_FILE = YES;
				INFOPLIST_KEY_UIApplicationSceneManifest_Generation = YES;
				INFOPLIST_KEY_UIApplicationSupportsIndirectInputEvents = YES;
				INFOPLIST_KEY_UILaunchScreen_Generation = YES;
				INFOPLIST_KEY_UISupportedInterfaceOrientations = UIInterfaceOrientationPortrait;
				INFOPLIST_KEY_UISupportedInterfaceOrientations_iPad = "UIInterfaceOrientationLandscapeLeft UIInterfaceOrientationLandscapeRight UIInterfaceOrientationPortrait UIInterfaceOrientationPortraitUpsideDown";
				LD_RUNPATH_SEARCH_PATHS = (
					"$(inherited)",
					"@executable_path/Frameworks",
				);
				MARKETING_VERSION = 1.0;
				PRODUCT_BUNDLE_IDENTIFIER = com.sinavn.CoinSight;
				PRODUCT_NAME = "$(TARGET_NAME)";
				SWIFT_EMIT_LOC_STRINGS = YES;
				SWIFT_VERSION = 5.0;
				TARGETED_DEVICE_FAMILY = "1,2";
			};
			name = Release;
		};
/* End XCBuildConfiguration section */

/* Begin XCConfigurationList section */
		6E133EE02AFE6A600066A2C8 /* Build configuration list for PBXProject "CoinSight" */ = {
			isa = XCConfigurationList;
			buildConfigurations = (
				6E133EF12AFE6A630066A2C8 /* Debug */,
				6E133EF22AFE6A630066A2C8 /* Release */,
			);
			defaultConfigurationIsVisible = 0;
			defaultConfigurationName = Release;
		};
		6E133EF32AFE6A630066A2C8 /* Build configuration list for PBXNativeTarget "CoinSight" */ = {
			isa = XCConfigurationList;
			buildConfigurations = (
				6E133EF42AFE6A630066A2C8 /* Debug */,
				6E133EF52AFE6A630066A2C8 /* Release */,
			);
			defaultConfigurationIsVisible = 0;
			defaultConfigurationName = Release;
		};
/* End XCConfigurationList section */

/* Begin XCVersionGroup section */
		6EACB5232B27041E007BE6C3 /* PortfolioContainer.xcdatamodeld */ = {
			isa = XCVersionGroup;
			children = (
				6EACB5242B27041E007BE6C3 /* PortfolioContainer.xcdatamodel */,
			);
			currentVersion = 6EACB5242B27041E007BE6C3 /* PortfolioContainer.xcdatamodel */;
			path = PortfolioContainer.xcdatamodeld;
			sourceTree = "<group>";
			versionGroupType = wrapper.xcdatamodel;
		};
/* End XCVersionGroup section */
	};
	rootObject = 6E133EDD2AFE6A600066A2C8 /* Project object */;
}
